
Microsoft Visual Studio Solution File, Format Version 12.00
# Visual Studio 15
VisualStudioVersion = 15.0.28307.271
MinimumVisualStudioVersion = 10.0.40219.1
Project("{8BC9CEB8-8B4A-11D0-8D11-00A0C91BC942}") = "Ex3", "Ex3\Ex3.vcxproj", "{1EF22C6D-2713-49F5-A610-9602774CBE05}"
EndProject
Project("{8BC9CEB8-8B4A-11D0-8D11-00A0C91BC942}") = "Ex4", "Ex4\Ex4.vcxproj", "{5E57485F-888C-4BC7-9F63-4BA47FEF31F8}"
EndProject
Project("{8BC9CEB8-8B4A-11D0-8D11-00A0C91BC942}") = "Ex5", "Ex5\Ex5.vcxproj", "{7AD5E948-3FE1-409C-A736-FADB943BAD1C}"
EndProject
Project("{8BC9CEB8-8B4A-11D0-8D11-00A0C91BC942}") = "Ex6", "Ex6\Ex6.vcxproj", "{BB0102C4-0F37-4BEB-8294-15685692B092}"
EndProject
Project("{8BC9CEB8-8B4A-11D0-8D11-00A0C91BC942}") = "ClientApp", "ClientApp\ClientApp.vcxproj", "{3C64DB4A-221D-449E-A486-F34B63758155}"
EndProject
Global
	GlobalSection(SolutionConfigurationPlatforms) = preSolution
		Debug|x64 = Debug|x64
		Debug|x86 = Debug|x86
		Release|x64 = Release|x64
		Release|x86 = Release|x86
	EndGlobalSection
	GlobalSection(ProjectConfigurationPlatforms) = postSolution
		{1EF22C6D-2713-49F5-A610-9602774CBE05}.Debug|x64.ActiveCfg = Debug|x64
		{1EF22C6D-2713-49F5-A610-9602774CBE05}.Debug|x64.Build.0 = Debug|x64
		{1EF22C6D-2713-49F5-A610-9602774CBE05}.Debug|x86.ActiveCfg = Debug|Win32
		{1EF22C6D-2713-49F5-A610-9602774CBE05}.Debug|x86.Build.0 = Debug|Win32
		{1EF22C6D-2713-49F5-A610-9602774CBE05}.Release|x64.ActiveCfg = Release|x64
		{1EF22C6D-2713-49F5-A610-9602774CBE05}.Release|x64.Build.0 = Release|x64
		{1EF22C6D-2713-49F5-A610-9602774CBE05}.Release|x86.ActiveCfg = Release|Win32
		{1EF22C6D-2713-49F5-A610-9602774CBE05}.Release|x86.Build.0 = Release|Win32
		{5E57485F-888C-4BC7-9F63-4BA47FEF31F8}.Debug|x64.ActiveCfg = Debug|x64
		{5E57485F-888C-4BC7-9F63-4BA47FEF31F8}.Debug|x64.Build.0 = Debug|x64
		{5E57485F-888C-4BC7-9F63-4BA47FEF31F8}.Debug|x86.ActiveCfg = Debug|Win32
		{5E57485F-888C-4BC7-9F63-4BA47FEF31F8}.Debug|x86.Build.0 = Debug|Win32
		{5E57485F-888C-4BC7-9F63-4BA47FEF31F8}.Release|x64.ActiveCfg = Release|x64
		{5E57485F-888C-4BC7-9F63-4BA47FEF31F8}.Release|x64.Build.0 = Release|x64
		{5E57485F-888C-4BC7-9F63-4BA47FEF31F8}.Release|x86.ActiveCfg = Release|Win32
		{5E57485F-888C-4BC7-9F63-4BA47FEF31F8}.Release|x86.Build.0 = Release|Win32
		{7AD5E948-3FE1-409C-A736-FADB943BAD1C}.Debug|x64.ActiveCfg = Debug|x64
		{7AD5E948-3FE1-409C-A736-FADB943BAD1C}.Debug|x64.Build.0 = Debug|x64
		{7AD5E948-3FE1-409C-A736-FADB943BAD1C}.Debug|x86.ActiveCfg = Debug|Win32
		{7AD5E948-3FE1-409C-A736-FADB943BAD1C}.Debug|x86.Build.0 = Debug|Win32
		{7AD5E948-3FE1-409C-A736-FADB943BAD1C}.Release|x64.ActiveCfg = Release|x64
		{7AD5E948-3FE1-409C-A736-FADB943BAD1C}.Release|x64.Build.0 = Release|x64
		{7AD5E948-3FE1-409C-A736-FADB943BAD1C}.Release|x86.ActiveCfg = Release|Win32
		{7AD5E948-3FE1-409C-A736-FADB943BAD1C}.Release|x86.Build.0 = Release|Win32
		{BB0102C4-0F37-4BEB-8294-15685692B092}.Debug|x64.ActiveCfg = Debug|x64
		{BB0102C4-0F37-4BEB-8294-15685692B092}.Debug|x64.Build.0 = Debug|x64
		{BB0102C4-0F37-4BEB-8294-15685692B092}.Debug|x86.ActiveCfg = Debug|Win32
		{BB0102C4-0F37-4BEB-8294-15685692B092}.Debug|x86.Build.0 = Debug|Win32
		{BB0102C4-0F37-4BEB-8294-15685692B092}.Release|x64.ActiveCfg = Release|x64
		{BB0102C4-0F37-4BEB-8294-15685692B092}.Release|x64.Build.0 = Release|x64
		{BB0102C4-0F37-4BEB-8294-15685692B092}.Release|x86.ActiveCfg = Release|Win32
		{BB0102C4-0F37-4BEB-8294-15685692B092}.Release|x86.Build.0 = Release|Win32
		{3C64DB4A-221D-449E-A486-F34B63758155}.Debug|x64.ActiveCfg = Debug|x64
		{3C64DB4A-221D-449E-A486-F34B63758155}.Debug|x64.Build.0 = Debug|x64
		{3C64DB4A-221D-449E-A486-F34B63758155}.Debug|x86.ActiveCfg = Debug|Win32
		{3C64DB4A-221D-449E-A486-F34B63758155}.Debug|x86.Build.0 = Debug|Win32
		{3C64DB4A-221D-449E-A486-F34B63758155}.Release|x64.ActiveCfg = Release|x64
		{3C64DB4A-221D-449E-A486-F34B63758155}.Release|x64.Build.0 = Release|x64
		{3C64DB4A-221D-449E-A486-F34B63758155}.Release|x86.ActiveCfg = Release|Win32
		{3C64DB4A-221D-449E-A486-F34B63758155}.Release|x86.Build.0 = Release|Win32
	EndGlobalSection
	GlobalSection(SolutionProperties) = preSolution
		HideSolutionNode = FALSE
	EndGlobalSection
	GlobalSection(ExtensibilityGlobals) = postSolution
		SolutionGuid = {F52EDF1C-9A09-4E2C-9A63-B88252835E9E}
	EndGlobalSection
EndGlobal
